
Microsoft Visual Studio Solution File, Format Version 12.00
# Visual Studio Version 17
VisualStudioVersion = 17.14.36401.2
MinimumVisualStudioVersion = 10.0.40219.1
Project("{FAE04EC0-301F-11D3-BF4B-00C04F79EFBC}") = "Fintrox", "Fintrox\Fintrox\Fintrox.csproj", "{FAFE405D-DE96-4836-B3B0-94C46F9CD749}"
EndProject
Project("{FAE04EC0-301F-11D3-BF4B-00C04F79EFBC}") = "Fintrox.Client", "Fintrox\Fintrox.Client\Fintrox.Client.csproj", "{C751A65B-080F-4C1F-B273-9E7946391085}"
EndProject
Global
	GlobalSection(SolutionConfigurationPlatforms) = preSolution
		Debug|Any CPU = Debug|Any CPU
		Release|Any CPU = Release|Any CPU
	EndGlobalSection
	GlobalSection(ProjectConfigurationPlatforms) = postSolution
		{FAFE405D-DE96-4836-B3B0-94C46F9CD749}.Debug|Any CPU.ActiveCfg = Debug|Any CPU
		{FAFE405D-DE96-4836-B3B0-94C46F9CD749}.Debug|Any CPU.Build.0 = Debug|Any CPU
		{FAFE405D-DE96-4836-B3B0-94C46F9CD749}.Release|Any CPU.ActiveCfg = Release|Any CPU
		{FAFE405D-DE96-4836-B3B0-94C46F9CD749}.Release|Any CPU.Build.0 = Release|Any CPU
		{C751A65B-080F-4C1F-B273-9E7946391085}.Debug|Any CPU.ActiveCfg = Debug|Any CPU
		{C751A65B-080F-4C1F-B273-9E7946391085}.Debug|Any CPU.Build.0 = Debug|Any CPU
		{C751A65B-080F-4C1F-B273-9E7946391085}.Release|Any CPU.ActiveCfg = Release|Any CPU
		{C751A65B-080F-4C1F-B273-9E7946391085}.Release|Any CPU.Build.0 = Release|Any CPU
	EndGlobalSection
	GlobalSection(SolutionProperties) = preSolution
		HideSolutionNode = FALSE
	EndGlobalSection
	GlobalSection(ExtensibilityGlobals) = postSolution
		SolutionGuid = {A475EEC5-37B6-4EB6-A151-856028F215E2}
	EndGlobalSection
EndGlobal
